
Microsoft Visual Studio Solution File, Format Version 12.00
# Visual Studio Version 17
VisualStudioVersion = 17.0.32112.339
MinimumVisualStudioVersion = 10.0.40219.1
Project("{9A19103F-16F7-4668-BE54-9A1E7A4F7556}") = "PixivApi.Console", "PixivApi.Console\PixivApi.Console.csproj", "{8E967DF2-ECE7-4C23-A0D7-9045DF47428B}"
EndProject
Project("{9A19103F-16F7-4668-BE54-9A1E7A4F7556}") = "PixivApi.Core", "PixivApi.Core\PixivApi.Core.csproj", "{AA5124D5-4D2B-4B20-8097-3544A70763EE}"
EndProject
Project("{2150E333-8FDC-42A3-9474-1A3956D46DE8}") = "Solution Items", "Solution Items", "{D5C1A651-D08D-41D1-885F-96E7568B1161}"
	ProjectSection(SolutionItems) = preProject
		.editorconfig = .editorconfig
	EndProjectSection
EndProject
Project("{9A19103F-16F7-4668-BE54-9A1E7A4F7556}") = "PixivApi.Core.Test", "PixivApi.Core.Test\PixivApi.Core.Test.csproj", "{DAD5393F-C528-4D4A-B543-BA4338D93C20}"
EndProject
Project("{FAE04EC0-301F-11D3-BF4B-00C04F79EFBC}") = "PixivApi.Server", "PixivApi.Server\PixivApi.Server.csproj", "{066A44F3-CF9F-4AF6-B518-95848975B17B}"
EndProject
Global
	GlobalSection(SolutionConfigurationPlatforms) = preSolution
		Debug|Any CPU = Debug|Any CPU
		Release|Any CPU = Release|Any CPU
	EndGlobalSection
	GlobalSection(ProjectConfigurationPlatforms) = postSolution
		{8E967DF2-ECE7-4C23-A0D7-9045DF47428B}.Debug|Any CPU.ActiveCfg = Debug|Any CPU
		{8E967DF2-ECE7-4C23-A0D7-9045DF47428B}.Debug|Any CPU.Build.0 = Debug|Any CPU
		{8E967DF2-ECE7-4C23-A0D7-9045DF47428B}.Release|Any CPU.ActiveCfg = Release|Any CPU
		{8E967DF2-ECE7-4C23-A0D7-9045DF47428B}.Release|Any CPU.Build.0 = Release|Any CPU
		{AA5124D5-4D2B-4B20-8097-3544A70763EE}.Debug|Any CPU.ActiveCfg = Debug|Any CPU
		{AA5124D5-4D2B-4B20-8097-3544A70763EE}.Debug|Any CPU.Build.0 = Debug|Any CPU
		{AA5124D5-4D2B-4B20-8097-3544A70763EE}.Release|Any CPU.ActiveCfg = Release|Any CPU
		{AA5124D5-4D2B-4B20-8097-3544A70763EE}.Release|Any CPU.Build.0 = Release|Any CPU
		{DAD5393F-C528-4D4A-B543-BA4338D93C20}.Debug|Any CPU.ActiveCfg = Debug|Any CPU
		{DAD5393F-C528-4D4A-B543-BA4338D93C20}.Debug|Any CPU.Build.0 = Debug|Any CPU
		{DAD5393F-C528-4D4A-B543-BA4338D93C20}.Release|Any CPU.ActiveCfg = Release|Any CPU
		{DAD5393F-C528-4D4A-B543-BA4338D93C20}.Release|Any CPU.Build.0 = Release|Any CPU
		{066A44F3-CF9F-4AF6-B518-95848975B17B}.Debug|Any CPU.ActiveCfg = Debug|Any CPU
		{066A44F3-CF9F-4AF6-B518-95848975B17B}.Debug|Any CPU.Build.0 = Debug|Any CPU
		{066A44F3-CF9F-4AF6-B518-95848975B17B}.Release|Any CPU.ActiveCfg = Release|Any CPU
		{066A44F3-CF9F-4AF6-B518-95848975B17B}.Release|Any CPU.Build.0 = Release|Any CPU
	EndGlobalSection
	GlobalSection(SolutionProperties) = preSolution
		HideSolutionNode = FALSE
	EndGlobalSection
	GlobalSection(ExtensibilityGlobals) = postSolution
		SolutionGuid = {6FD38FF4-6D2D-40A2-9A11-E0C852653CE6}
	EndGlobalSection
EndGlobal
